
Microsoft Visual Studio Solution File, Format Version 12.00
Project("{FAE04EC0-301F-11D3-BF4B-00C04F79EFBC}") = "ConsoleTest", "ConsoleTest\ConsoleTest.csproj", "{8C761955-7487-4803-A352-7C792D412F1B}"
EndProject
Global
	GlobalSection(SolutionConfigurationPlatforms) = preSolution
		Debug|Any CPU = Debug|Any CPU
		Release|Any CPU = Release|Any CPU
	EndGlobalSection
	GlobalSection(ProjectConfigurationPlatforms) = postSolution
		{8C761955-7487-4803-A352-7C792D412F1B}.Debug|Any CPU.ActiveCfg = Debug|Any CPU
		{8C761955-7487-4803-A352-7C792D412F1B}.Debug|Any CPU.Build.0 = Debug|Any CPU
		{8C761955-7487-4803-A352-7C792D412F1B}.Release|Any CPU.ActiveCfg = Release|Any CPU
		{8C761955-7487-4803-A352-7C792D412F1B}.Release|Any CPU.Build.0 = Release|Any CPU
	EndGlobalSection
EndGlobal
